
Microsoft Visual Studio Solution File, Format Version 12.00
# Visual Studio Version 16
VisualStudioVersion = 25.0.1706.7
MinimumVisualStudioVersion = 10.0.40219.1
Project("{FAE04EC0-301F-11D3-BF4B-00C04F79EFBC}") = "variacao-ativo", "variacao-ativo\variacao-ativo.csproj", "{22197AAE-39CB-41F4-985F-DA3E5E7D2AEF}"
EndProject
Global
	GlobalSection(SolutionConfigurationPlatforms) = preSolution
		Debug|Any CPU = Debug|Any CPU
		Release|Any CPU = Release|Any CPU
	EndGlobalSection
	GlobalSection(ProjectConfigurationPlatforms) = postSolution
		{22197AAE-39CB-41F4-985F-DA3E5E7D2AEF}.Debug|Any CPU.ActiveCfg = Debug|Any CPU
		{22197AAE-39CB-41F4-985F-DA3E5E7D2AEF}.Debug|Any CPU.Build.0 = Debug|Any CPU
		{22197AAE-39CB-41F4-985F-DA3E5E7D2AEF}.Release|Any CPU.ActiveCfg = Release|Any CPU
		{22197AAE-39CB-41F4-985F-DA3E5E7D2AEF}.Release|Any CPU.Build.0 = Release|Any CPU
	EndGlobalSection
	GlobalSection(SolutionProperties) = preSolution
		HideSolutionNode = FALSE
	EndGlobalSection
	GlobalSection(ExtensibilityGlobals) = postSolution
		SolutionGuid = {C7C5B0CF-7390-4A54-AE44-8AA7AB9F5122}
	EndGlobalSection
EndGlobal
